subwrap (subwrap==0.0.1)
pyzmq (pyzmq==2.2.0)
flask (Flask==0.9)
  werkzeug (Werkzeug==0.8.3)
  jinja2 (Jinja2==2.6)
  werkzeug (Werkzeug==0.8.3)
  jinja2 (Jinja2==2.6)
flask-command (flask-command==0.0.2)
  gunicorn (gunicorn==0.14.6)
  flask (Flask==0.9)
    werkzeug (Werkzeug==0.8.3)
    jinja2 (Jinja2==2.6)
    werkzeug (Werkzeug==0.8.3)
    jinja2 (Jinja2==2.6)
requests (requests==0.13.6)
boto (boto==2.5.2)
nose (nose==1.1.2)
ipython (ipython==0.13)
mock (mock==1.0b1)
testkit (testkit==0.1.2)
  fudge (fudge==1.0.3)
